
Microsoft Visual Studio Solution File, Format Version 12.00
# Visual Studio Version 16
VisualStudioVersion = 16.0.31702.278
MinimumVisualStudioVersion = 10.0.40219.1
Project("{FAE04EC0-301F-11D3-BF4B-00C04F79EFBC}") = "Lesson9.1", "Lesson9.1\Lesson9.1.csproj", "{514D9C17-8183-4B18-BF3C-C07BB7253077}"
EndProject
Global
	GlobalSection(SolutionConfigurationPlatforms) = preSolution
		Debug|Any CPU = Debug|Any CPU
		Release|Any CPU = Release|Any CPU
	EndGlobalSection
	GlobalSection(ProjectConfigurationPlatforms) = postSolution
		{514D9C17-8183-4B18-BF3C-C07BB7253077}.Debug|Any CPU.ActiveCfg = Debug|Any CPU
		{514D9C17-8183-4B18-BF3C-C07BB7253077}.Debug|Any CPU.Build.0 = Debug|Any CPU
		{514D9C17-8183-4B18-BF3C-C07BB7253077}.Release|Any CPU.ActiveCfg = Release|Any CPU
		{514D9C17-8183-4B18-BF3C-C07BB7253077}.Release|Any CPU.Build.0 = Release|Any CPU
	EndGlobalSection
	GlobalSection(SolutionProperties) = preSolution
		HideSolutionNode = FALSE
	EndGlobalSection
	GlobalSection(ExtensibilityGlobals) = postSolution
		SolutionGuid = {5847CBD4-EB25-4759-B45D-CCF2B71001BE}
	EndGlobalSection
EndGlobal
